
Microsoft Visual Studio Solution File, Format Version 12.00
# Visual Studio Version 17
VisualStudioVersion = 17.5.33414.496
MinimumVisualStudioVersion = 10.0.40219.1
Project("{FAE04EC0-301F-11D3-BF4B-00C04F79EFBC}") = "Exercicio_Caracter_antes_de_consoante", "Exercicio_Caracter_antes_de_consoante\Exercicio_Caracter_antes_de_consoante.csproj", "{2B6AE416-1E23-4245-8024-62D16562EC9B}"
EndProject
Global
	GlobalSection(SolutionConfigurationPlatforms) = preSolution
		Debug|Any CPU = Debug|Any CPU
		Release|Any CPU = Release|Any CPU
	EndGlobalSection
	GlobalSection(ProjectConfigurationPlatforms) = postSolution
		{2B6AE416-1E23-4245-8024-62D16562EC9B}.Debug|Any CPU.ActiveCfg = Debug|Any CPU
		{2B6AE416-1E23-4245-8024-62D16562EC9B}.Debug|Any CPU.Build.0 = Debug|Any CPU
		{2B6AE416-1E23-4245-8024-62D16562EC9B}.Release|Any CPU.ActiveCfg = Release|Any CPU
		{2B6AE416-1E23-4245-8024-62D16562EC9B}.Release|Any CPU.Build.0 = Release|Any CPU
	EndGlobalSection
	GlobalSection(SolutionProperties) = preSolution
		HideSolutionNode = FALSE
	EndGlobalSection
	GlobalSection(ExtensibilityGlobals) = postSolution
		SolutionGuid = {0B8181FA-31F8-40F7-A167-591175465290}
	EndGlobalSection
EndGlobal
